
Microsoft Visual Studio Solution File, Format Version 12.00
# Visual Studio Version 17
VisualStudioVersion = 17.1.32319.34
MinimumVisualStudioVersion = 10.0.40219.1
Project("{9A19103F-16F7-4668-BE54-9A1E7A4F7556}") = "Dev4LogBob50ImportStandardExcelAchVen", "Dev4LogBob50ImportStandardExcelAchVen\Dev4LogBob50ImportStandardExcelAchVen.csproj", "{DEC9DFC8-AFBC-48AE-8502-16BBEAAF5ED1}"
EndProject
Global
	GlobalSection(SolutionConfigurationPlatforms) = preSolution
		Debug|Any CPU = Debug|Any CPU
		Release|Any CPU = Release|Any CPU
	EndGlobalSection
	GlobalSection(ProjectConfigurationPlatforms) = postSolution
		{DEC9DFC8-AFBC-48AE-8502-16BBEAAF5ED1}.Debug|Any CPU.ActiveCfg = Debug|Any CPU
		{DEC9DFC8-AFBC-48AE-8502-16BBEAAF5ED1}.Debug|Any CPU.Build.0 = Debug|Any CPU
		{DEC9DFC8-AFBC-48AE-8502-16BBEAAF5ED1}.Release|Any CPU.ActiveCfg = Release|Any CPU
		{DEC9DFC8-AFBC-48AE-8502-16BBEAAF5ED1}.Release|Any CPU.Build.0 = Release|Any CPU
	EndGlobalSection
	GlobalSection(SolutionProperties) = preSolution
		HideSolutionNode = FALSE
	EndGlobalSection
	GlobalSection(ExtensibilityGlobals) = postSolution
		VisualSVNWorkingCopyRoot = .
		SolutionGuid = {20D56346-7B18-44BE-9959-7C9C8F5CE478}
	EndGlobalSection
EndGlobal
